
Microsoft Visual Studio Solution File, Format Version 12.00
# Visual Studio Version 17
VisualStudioVersion = 17.5.33424.131
MinimumVisualStudioVersion = 10.0.40219.1
Project("{9A19103F-16F7-4668-BE54-9A1E7A4F7556}") = "WebApplication2", "WebApplication2.csproj", "{ADA7D4C5-17AB-484F-AA60-EAB8EA71FEB0}"
EndProject
Project("{FAE04EC0-301F-11D3-BF4B-00C04F79EFBC}") = "ConsoleApp6", "..\ConsoleApp6\ConsoleApp6.csproj", "{91887D09-4A49-4EED-8B3D-EAF797BAD058}"
EndProject
Global
	GlobalSection(SolutionConfigurationPlatforms) = preSolution
		Debug|Any CPU = Debug|Any CPU
		Release|Any CPU = Release|Any CPU
	EndGlobalSection
	GlobalSection(ProjectConfigurationPlatforms) = postSolution
		{ADA7D4C5-17AB-484F-AA60-EAB8EA71FEB0}.Debug|Any CPU.ActiveCfg = Debug|Any CPU
		{ADA7D4C5-17AB-484F-AA60-EAB8EA71FEB0}.Debug|Any CPU.Build.0 = Debug|Any CPU
		{ADA7D4C5-17AB-484F-AA60-EAB8EA71FEB0}.Release|Any CPU.ActiveCfg = Release|Any CPU
		{ADA7D4C5-17AB-484F-AA60-EAB8EA71FEB0}.Release|Any CPU.Build.0 = Release|Any CPU
		{91887D09-4A49-4EED-8B3D-EAF797BAD058}.Debug|Any CPU.ActiveCfg = Debug|Any CPU
		{91887D09-4A49-4EED-8B3D-EAF797BAD058}.Debug|Any CPU.Build.0 = Debug|Any CPU
		{91887D09-4A49-4EED-8B3D-EAF797BAD058}.Release|Any CPU.ActiveCfg = Release|Any CPU
		{91887D09-4A49-4EED-8B3D-EAF797BAD058}.Release|Any CPU.Build.0 = Release|Any CPU
	EndGlobalSection
	GlobalSection(SolutionProperties) = preSolution
		HideSolutionNode = FALSE
	EndGlobalSection
	GlobalSection(ExtensibilityGlobals) = postSolution
		SolutionGuid = {B969665A-6BB9-40EE-83EB-89B75509BA78}
	EndGlobalSection
EndGlobal
